
Microsoft Visual Studio Solution File, Format Version 12.00
# Visual Studio Version 17
VisualStudioVersion = 17.0.31903.59
MinimumVisualStudioVersion = 10.0.40219.1
Project("{2150E333-8FDC-42A3-9474-1A3956D46DE8}") = "backend", "backend", "{C7AB7BCA-FDE2-47AE-8A06-D06BBC5096E6}"
EndProject
Project("{2150E333-8FDC-42A3-9474-1A3956D46DE8}") = "src", "src", "{26E118DC-1742-45FE-B0AF-E41D686849E8}"
EndProject
Project("{2150E333-8FDC-42A3-9474-1A3956D46DE8}") = "BuildingBlocks", "BuildingBlocks", "{FA854EBF-DE03-419D-BB2B-CC8ACABD4CA6}"
EndProject
Project("{FAE04EC0-301F-11D3-BF4B-00C04F79EFBC}") = "ERP.BuildingBlocks.Core", "backend\src\BuildingBlocks\ERP.BuildingBlocks.Core\ERP.BuildingBlocks.Core.csproj", "{5ADA72CA-3754-4ADC-A25E-A129A8CF8A52}"
EndProject
Project("{FAE04EC0-301F-11D3-BF4B-00C04F79EFBC}") = "ERP.BuildingBlocks.Data", "backend\src\BuildingBlocks\ERP.BuildingBlocks.Data\ERP.BuildingBlocks.Data.csproj", "{7D607A71-BDB1-4A75-A3F0-04F1030C9FE1}"
EndProject
Project("{FAE04EC0-301F-11D3-BF4B-00C04F79EFBC}") = "ERP.BuildingBlocks.Messaging", "backend\src\BuildingBlocks\ERP.BuildingBlocks.Messaging\ERP.BuildingBlocks.Messaging.csproj", "{3C617DC9-C266-4877-B11E-4A30518878F4}"
EndProject
Project("{FAE04EC0-301F-11D3-BF4B-00C04F79EFBC}") = "ERP.BuildingBlocks.Observability", "backend\src\BuildingBlocks\ERP.BuildingBlocks.Observability\ERP.BuildingBlocks.Observability.csproj", "{E2DD1531-D364-46E0-AAB9-C9F13BA077F0}"
EndProject
Project("{FAE04EC0-301F-11D3-BF4B-00C04F79EFBC}") = "ERP.BuildingBlocks.Resilience", "backend\src\BuildingBlocks\ERP.BuildingBlocks.Resilience\ERP.BuildingBlocks.Resilience.csproj", "{2ACD993E-76BD-4412-8E7E-FFDDC1E1BADF}"
EndProject
Project("{FAE04EC0-301F-11D3-BF4B-00C04F79EFBC}") = "ERP.BuildingBlocks.Security", "backend\src\BuildingBlocks\ERP.BuildingBlocks.Security\ERP.BuildingBlocks.Security.csproj", "{57F43E6D-9A1C-46B7-AEC6-4F82E809F15C}"
EndProject
Project("{FAE04EC0-301F-11D3-BF4B-00C04F79EFBC}") = "ERP.BuildingBlocks.Web", "backend\src\BuildingBlocks\ERP.BuildingBlocks.Web\ERP.BuildingBlocks.Web.csproj", "{BF3CB9EE-7361-4234-A967-3658A72DE901}"
EndProject
Project("{2150E333-8FDC-42A3-9474-1A3956D46DE8}") = "Shared", "Shared", "{1FAE6211-2729-43F2-8EB7-D96710D4FACC}"
EndProject
Project("{FAE04EC0-301F-11D3-BF4B-00C04F79EFBC}") = "ERP.Shared.Constants", "backend\src\Shared\ERP.Shared.Constants\ERP.Shared.Constants.csproj", "{FB8158FC-8E29-4AB6-B81D-B275A3FD0075}"
EndProject
Project("{FAE04EC0-301F-11D3-BF4B-00C04F79EFBC}") = "ERP.Shared.Contracts", "backend\src\Shared\ERP.Shared.Contracts\ERP.Shared.Contracts.csproj", "{AE78731B-B9EB-4B1D-ACE3-B1F666A9DD27}"
EndProject
Project("{FAE04EC0-301F-11D3-BF4B-00C04F79EFBC}") = "ERP.Shared.Events", "backend\src\Shared\ERP.Shared.Events\ERP.Shared.Events.csproj", "{E72CD079-6EB5-4E52-B029-8BDADE84E24F}"
EndProject
Project("{2150E333-8FDC-42A3-9474-1A3956D46DE8}") = "Modules", "Modules", "{EE26B920-7C67-4CB4-AA1A-0CE5B7FFE8FD}"
EndProject
Project("{2150E333-8FDC-42A3-9474-1A3956D46DE8}") = "CRM", "CRM", "{746FF470-55BD-4ECE-BE6E-CA23B44A2725}"
EndProject
Project("{FAE04EC0-301F-11D3-BF4B-00C04F79EFBC}") = "ERP.CRM.Domain", "backend\src\Modules\CRM\ERP.CRM.Domain\ERP.CRM.Domain.csproj", "{107A1E54-52A9-40B1-B2A9-ABFE9BA25498}"
EndProject
Project("{2150E333-8FDC-42A3-9474-1A3956D46DE8}") = "Identity", "Identity", "{208E46FE-4E3F-4B70-9E71-AA6E1E7CB7CD}"
EndProject
Project("{FAE04EC0-301F-11D3-BF4B-00C04F79EFBC}") = "ERP.Identity.Api", "backend\src\Modules\Identity\ERP.Identity.Api\ERP.Identity.Api.csproj", "{57A28DAB-5DF2-4757-BC5C-F81CDDAFDEBD}"
EndProject
Project("{FAE04EC0-301F-11D3-BF4B-00C04F79EFBC}") = "ERP.Identity.Application", "backend\src\Modules\Identity\ERP.Identity.Application\ERP.Identity.Application.csproj", "{936FB2D3-CF31-4439-8AF8-E9C0915C1D45}"
EndProject
Project("{FAE04EC0-301F-11D3-BF4B-00C04F79EFBC}") = "ERP.Identity.Contracts", "backend\src\Modules\Identity\ERP.Identity.Contracts\ERP.Identity.Contracts.csproj", "{8FE35A6D-3B94-497D-AB91-A37AE94B8F27}"
EndProject
Project("{FAE04EC0-301F-11D3-BF4B-00C04F79EFBC}") = "ERP.Identity.Domain", "backend\src\Modules\Identity\ERP.Identity.Domain\ERP.Identity.Domain.csproj", "{345A3DE6-244C-4C30-A3C6-45E6254ABC7A}"
EndProject
Project("{FAE04EC0-301F-11D3-BF4B-00C04F79EFBC}") = "ERP.Identity.Infrastructure", "backend\src\Modules\Identity\ERP.Identity.Infrastructure\ERP.Identity.Infrastructure.csproj", "{2386B7F3-476F-456C-8691-98093E3C3524}"
EndProject
Project("{2150E333-8FDC-42A3-9474-1A3956D46DE8}") = "Masters", "Masters", "{3DEBD6D5-5794-415D-8DED-3B5AE2C8F87B}"
EndProject
Project("{2150E333-8FDC-42A3-9474-1A3956D46DE8}") = "CRM", "CRM", "{AE655537-4B14-45E2-BE00-BCB70B7ED948}"
EndProject
Project("{FAE04EC0-301F-11D3-BF4B-00C04F79EFBC}") = "ERP.CRM.Domain", "backend\src\Modules\Masters\CRM\ERP.CRM.Domain\ERP.CRM.Domain.csproj", "{A4E3D956-BDA3-4C2E-9B37-D6AC13FCF977}"
EndProject
Project("{FAE04EC0-301F-11D3-BF4B-00C04F79EFBC}") = "ERP.Masters.Api", "backend\src\Modules\Masters\ERP.Masters.Api\ERP.Masters.Api.csproj", "{D15BBD5F-F52E-4497-B565-E056DFD500C4}"
EndProject
Project("{FAE04EC0-301F-11D3-BF4B-00C04F79EFBC}") = "ERP.Masters.Application", "backend\src\Modules\Masters\ERP.Masters.Application\ERP.Masters.Application.csproj", "{26EC33FB-E031-44C2-94CB-0DFDEB03BF98}"
EndProject
Project("{FAE04EC0-301F-11D3-BF4B-00C04F79EFBC}") = "ERP.Masters.Contracts", "backend\src\Modules\Masters\ERP.Masters.Contracts\ERP.Masters.Contracts.csproj", "{7AF42DF3-50AD-4426-B0E5-CF7EA942438A}"
EndProject
Project("{FAE04EC0-301F-11D3-BF4B-00C04F79EFBC}") = "ERP.Masters.Domain", "backend\src\Modules\Masters\ERP.Masters.Domain\ERP.Masters.Domain.csproj", "{6FA03C16-2064-4DC4-B3E1-3AEB36118A8E}"
EndProject
Project("{FAE04EC0-301F-11D3-BF4B-00C04F79EFBC}") = "ERP.Masters.Infrastructure", "backend\src\Modules\Masters\ERP.Masters.Infrastructure\ERP.Masters.Infrastructure.csproj", "{7D3598B1-4317-4BF9-BDB8-9E4043BAB786}"
EndProject
Project("{2150E333-8FDC-42A3-9474-1A3956D46DE8}") = "UserAccessManagement", "UserAccessManagement", "{ECF37AE2-8719-4C6E-9D7D-2B8EE859D8FB}"
EndProject
Project("{FAE04EC0-301F-11D3-BF4B-00C04F79EFBC}") = "ERP.UserAccessManagement.Api", "backend\src\Modules\UserAccessManagement\ERP.UserAccessManagement.Api\ERP.UserAccessManagement.Api.csproj", "{1D10B106-D08E-4BE2-BAA2-1B4691B47222}"
EndProject
Project("{FAE04EC0-301F-11D3-BF4B-00C04F79EFBC}") = "ERP.UserAccessManagement.Application", "backend\src\Modules\UserAccessManagement\ERP.UserAccessManagement.Application\ERP.UserAccessManagement.Application.csproj", "{1E5C226C-7A22-4FD5-A8BC-55FCA7511FC3}"
EndProject
Project("{FAE04EC0-301F-11D3-BF4B-00C04F79EFBC}") = "ERP.UserAccessManagement.Contracts", "backend\src\Modules\UserAccessManagement\ERP.UserAccessManagement.Contracts\ERP.UserAccessManagement.Contracts.csproj", "{7345CDA6-7714-4D6D-937F-40F81E7598C6}"
EndProject
Project("{FAE04EC0-301F-11D3-BF4B-00C04F79EFBC}") = "ERP.UserAccessManagement.Domain", "backend\src\Modules\UserAccessManagement\ERP.UserAccessManagement.Domain\ERP.UserAccessManagement.Domain.csproj", "{050C50A4-D17F-4A09-98DA-DFDCAB57F2BC}"
EndProject
Project("{FAE04EC0-301F-11D3-BF4B-00C04F79EFBC}") = "ERP.UserAccessManagement.Infrastructure", "backend\src\Modules\UserAccessManagement\ERP.UserAccessManagement.Infrastructure\ERP.UserAccessManagement.Infrastructure.csproj", "{903094F5-086B-4B1A-A75A-72358AC1F3A4}"
EndProject
Project("{2150E333-8FDC-42A3-9474-1A3956D46DE8}") = "Gateway", "Gateway", "{6794DC61-A803-4521-A32F-5971BD546364}"
EndProject
Project("{FAE04EC0-301F-11D3-BF4B-00C04F79EFBC}") = "ERP.Gateway", "backend\src\Gateway\ERP.Gateway\ERP.Gateway.csproj", "{6C5AE350-EF48-4984-82E7-A9A0246FC7A4}"
EndProject
Project("{2150E333-8FDC-42A3-9474-1A3956D46DE8}") = "Services", "Services", "{83149D1D-F395-423C-8D48-1B6C85AEDBA7}"
EndProject
Project("{FAE04EC0-301F-11D3-BF4B-00C04F79EFBC}") = "ERP.Api", "backend\src\Services\ERP.Api\ERP.Api.csproj", "{DA56B34A-74C3-4216-BA69-DF378FFA66EF}"
EndProject
Global
	GlobalSection(SolutionConfigurationPlatforms) = preSolution
		Debug|Any CPU = Debug|Any CPU
		Release|Any CPU = Release|Any CPU
	EndGlobalSection
	GlobalSection(SolutionProperties) = preSolution
		HideSolutionNode = FALSE
	EndGlobalSection
	GlobalSection(ProjectConfigurationPlatforms) = postSolution
		{5ADA72CA-3754-4ADC-A25E-A129A8CF8A52}.Debug|Any CPU.ActiveCfg = Debug|Any CPU
		{5ADA72CA-3754-4ADC-A25E-A129A8CF8A52}.Debug|Any CPU.Build.0 = Debug|Any CPU
		{5ADA72CA-3754-4ADC-A25E-A129A8CF8A52}.Release|Any CPU.ActiveCfg = Release|Any CPU
		{5ADA72CA-3754-4ADC-A25E-A129A8CF8A52}.Release|Any CPU.Build.0 = Release|Any CPU
		{7D607A71-BDB1-4A75-A3F0-04F1030C9FE1}.Debug|Any CPU.ActiveCfg = Debug|Any CPU
		{7D607A71-BDB1-4A75-A3F0-04F1030C9FE1}.Debug|Any CPU.Build.0 = Debug|Any CPU
		{7D607A71-BDB1-4A75-A3F0-04F1030C9FE1}.Release|Any CPU.ActiveCfg = Release|Any CPU
		{7D607A71-BDB1-4A75-A3F0-04F1030C9FE1}.Release|Any CPU.Build.0 = Release|Any CPU
		{3C617DC9-C266-4877-B11E-4A30518878F4}.Debug|Any CPU.ActiveCfg = Debug|Any CPU
		{3C617DC9-C266-4877-B11E-4A30518878F4}.Debug|Any CPU.Build.0 = Debug|Any CPU
		{3C617DC9-C266-4877-B11E-4A30518878F4}.Release|Any CPU.ActiveCfg = Release|Any CPU
		{3C617DC9-C266-4877-B11E-4A30518878F4}.Release|Any CPU.Build.0 = Release|Any CPU
		{E2DD1531-D364-46E0-AAB9-C9F13BA077F0}.Debug|Any CPU.ActiveCfg = Debug|Any CPU
		{E2DD1531-D364-46E0-AAB9-C9F13BA077F0}.Debug|Any CPU.Build.0 = Debug|Any CPU
		{E2DD1531-D364-46E0-AAB9-C9F13BA077F0}.Release|Any CPU.ActiveCfg = Release|Any CPU
		{E2DD1531-D364-46E0-AAB9-C9F13BA077F0}.Release|Any CPU.Build.0 = Release|Any CPU
		{2ACD993E-76BD-4412-8E7E-FFDDC1E1BADF}.Debug|Any CPU.ActiveCfg = Debug|Any CPU
		{2ACD993E-76BD-4412-8E7E-FFDDC1E1BADF}.Debug|Any CPU.Build.0 = Debug|Any CPU
		{2ACD993E-76BD-4412-8E7E-FFDDC1E1BADF}.Release|Any CPU.ActiveCfg = Release|Any CPU
		{2ACD993E-76BD-4412-8E7E-FFDDC1E1BADF}.Release|Any CPU.Build.0 = Release|Any CPU
		{57F43E6D-9A1C-46B7-AEC6-4F82E809F15C}.Debug|Any CPU.ActiveCfg = Debug|Any CPU
		{57F43E6D-9A1C-46B7-AEC6-4F82E809F15C}.Debug|Any CPU.Build.0 = Debug|Any CPU
		{57F43E6D-9A1C-46B7-AEC6-4F82E809F15C}.Release|Any CPU.ActiveCfg = Release|Any CPU
		{57F43E6D-9A1C-46B7-AEC6-4F82E809F15C}.Release|Any CPU.Build.0 = Release|Any CPU
		{BF3CB9EE-7361-4234-A967-3658A72DE901}.Debug|Any CPU.ActiveCfg = Debug|Any CPU
		{BF3CB9EE-7361-4234-A967-3658A72DE901}.Debug|Any CPU.Build.0 = Debug|Any CPU
		{BF3CB9EE-7361-4234-A967-3658A72DE901}.Release|Any CPU.ActiveCfg = Release|Any CPU
		{BF3CB9EE-7361-4234-A967-3658A72DE901}.Release|Any CPU.Build.0 = Release|Any CPU
		{FB8158FC-8E29-4AB6-B81D-B275A3FD0075}.Debug|Any CPU.ActiveCfg = Debug|Any CPU
		{FB8158FC-8E29-4AB6-B81D-B275A3FD0075}.Debug|Any CPU.Build.0 = Debug|Any CPU
		{FB8158FC-8E29-4AB6-B81D-B275A3FD0075}.Release|Any CPU.ActiveCfg = Release|Any CPU
		{FB8158FC-8E29-4AB6-B81D-B275A3FD0075}.Release|Any CPU.Build.0 = Release|Any CPU
		{AE78731B-B9EB-4B1D-ACE3-B1F666A9DD27}.Debug|Any CPU.ActiveCfg = Debug|Any CPU
		{AE78731B-B9EB-4B1D-ACE3-B1F666A9DD27}.Debug|Any CPU.Build.0 = Debug|Any CPU
		{AE78731B-B9EB-4B1D-ACE3-B1F666A9DD27}.Release|Any CPU.ActiveCfg = Release|Any CPU
		{AE78731B-B9EB-4B1D-ACE3-B1F666A9DD27}.Release|Any CPU.Build.0 = Release|Any CPU
		{E72CD079-6EB5-4E52-B029-8BDADE84E24F}.Debug|Any CPU.ActiveCfg = Debug|Any CPU
		{E72CD079-6EB5-4E52-B029-8BDADE84E24F}.Debug|Any CPU.Build.0 = Debug|Any CPU
		{E72CD079-6EB5-4E52-B029-8BDADE84E24F}.Release|Any CPU.ActiveCfg = Release|Any CPU
		{E72CD079-6EB5-4E52-B029-8BDADE84E24F}.Release|Any CPU.Build.0 = Release|Any CPU
		{107A1E54-52A9-40B1-B2A9-ABFE9BA25498}.Debug|Any CPU.ActiveCfg = Debug|Any CPU
		{107A1E54-52A9-40B1-B2A9-ABFE9BA25498}.Debug|Any CPU.Build.0 = Debug|Any CPU
		{107A1E54-52A9-40B1-B2A9-ABFE9BA25498}.Release|Any CPU.ActiveCfg = Release|Any CPU
		{107A1E54-52A9-40B1-B2A9-ABFE9BA25498}.Release|Any CPU.Build.0 = Release|Any CPU
		{57A28DAB-5DF2-4757-BC5C-F81CDDAFDEBD}.Debug|Any CPU.ActiveCfg = Debug|Any CPU
		{57A28DAB-5DF2-4757-BC5C-F81CDDAFDEBD}.Debug|Any CPU.Build.0 = Debug|Any CPU
		{57A28DAB-5DF2-4757-BC5C-F81CDDAFDEBD}.Release|Any CPU.ActiveCfg = Release|Any CPU
		{57A28DAB-5DF2-4757-BC5C-F81CDDAFDEBD}.Release|Any CPU.Build.0 = Release|Any CPU
		{936FB2D3-CF31-4439-8AF8-E9C0915C1D45}.Debug|Any CPU.ActiveCfg = Debug|Any CPU
		{936FB2D3-CF31-4439-8AF8-E9C0915C1D45}.Debug|Any CPU.Build.0 = Debug|Any CPU
		{936FB2D3-CF31-4439-8AF8-E9C0915C1D45}.Release|Any CPU.ActiveCfg = Release|Any CPU
		{936FB2D3-CF31-4439-8AF8-E9C0915C1D45}.Release|Any CPU.Build.0 = Release|Any CPU
		{8FE35A6D-3B94-497D-AB91-A37AE94B8F27}.Debug|Any CPU.ActiveCfg = Debug|Any CPU
		{8FE35A6D-3B94-497D-AB91-A37AE94B8F27}.Debug|Any CPU.Build.0 = Debug|Any CPU
		{8FE35A6D-3B94-497D-AB91-A37AE94B8F27}.Release|Any CPU.ActiveCfg = Release|Any CPU
		{8FE35A6D-3B94-497D-AB91-A37AE94B8F27}.Release|Any CPU.Build.0 = Release|Any CPU
		{345A3DE6-244C-4C30-A3C6-45E6254ABC7A}.Debug|Any CPU.ActiveCfg = Debug|Any CPU
		{345A3DE6-244C-4C30-A3C6-45E6254ABC7A}.Debug|Any CPU.Build.0 = Debug|Any CPU
		{345A3DE6-244C-4C30-A3C6-45E6254ABC7A}.Release|Any CPU.ActiveCfg = Release|Any CPU
		{345A3DE6-244C-4C30-A3C6-45E6254ABC7A}.Release|Any CPU.Build.0 = Release|Any CPU
		{2386B7F3-476F-456C-8691-98093E3C3524}.Debug|Any CPU.ActiveCfg = Debug|Any CPU
		{2386B7F3-476F-456C-8691-98093E3C3524}.Debug|Any CPU.Build.0 = Debug|Any CPU
		{2386B7F3-476F-456C-8691-98093E3C3524}.Release|Any CPU.ActiveCfg = Release|Any CPU
		{2386B7F3-476F-456C-8691-98093E3C3524}.Release|Any CPU.Build.0 = Release|Any CPU
		{A4E3D956-BDA3-4C2E-9B37-D6AC13FCF977}.Debug|Any CPU.ActiveCfg = Debug|Any CPU
		{A4E3D956-BDA3-4C2E-9B37-D6AC13FCF977}.Debug|Any CPU.Build.0 = Debug|Any CPU
		{A4E3D956-BDA3-4C2E-9B37-D6AC13FCF977}.Release|Any CPU.ActiveCfg = Release|Any CPU
		{A4E3D956-BDA3-4C2E-9B37-D6AC13FCF977}.Release|Any CPU.Build.0 = Release|Any CPU
		{D15BBD5F-F52E-4497-B565-E056DFD500C4}.Debug|Any CPU.ActiveCfg = Debug|Any CPU
		{D15BBD5F-F52E-4497-B565-E056DFD500C4}.Debug|Any CPU.Build.0 = Debug|Any CPU
		{D15BBD5F-F52E-4497-B565-E056DFD500C4}.Release|Any CPU.ActiveCfg = Release|Any CPU
		{D15BBD5F-F52E-4497-B565-E056DFD500C4}.Release|Any CPU.Build.0 = Release|Any CPU
		{26EC33FB-E031-44C2-94CB-0DFDEB03BF98}.Debug|Any CPU.ActiveCfg = Debug|Any CPU
		{26EC33FB-E031-44C2-94CB-0DFDEB03BF98}.Debug|Any CPU.Build.0 = Debug|Any CPU
		{26EC33FB-E031-44C2-94CB-0DFDEB03BF98}.Release|Any CPU.ActiveCfg = Release|Any CPU
		{26EC33FB-E031-44C2-94CB-0DFDEB03BF98}.Release|Any CPU.Build.0 = Release|Any CPU
		{7AF42DF3-50AD-4426-B0E5-CF7EA942438A}.Debug|Any CPU.ActiveCfg = Debug|Any CPU
		{7AF42DF3-50AD-4426-B0E5-CF7EA942438A}.Debug|Any CPU.Build.0 = Debug|Any CPU
		{7AF42DF3-50AD-4426-B0E5-CF7EA942438A}.Release|Any CPU.ActiveCfg = Release|Any CPU
		{7AF42DF3-50AD-4426-B0E5-CF7EA942438A}.Release|Any CPU.Build.0 = Release|Any CPU
		{6FA03C16-2064-4DC4-B3E1-3AEB36118A8E}.Debug|Any CPU.ActiveCfg = Debug|Any CPU
		{6FA03C16-2064-4DC4-B3E1-3AEB36118A8E}.Debug|Any CPU.Build.0 = Debug|Any CPU
		{6FA03C16-2064-4DC4-B3E1-3AEB36118A8E}.Release|Any CPU.ActiveCfg = Release|Any CPU
		{6FA03C16-2064-4DC4-B3E1-3AEB36118A8E}.Release|Any CPU.Build.0 = Release|Any CPU
		{7D3598B1-4317-4BF9-BDB8-9E4043BAB786}.Debug|Any CPU.ActiveCfg = Debug|Any CPU
		{7D3598B1-4317-4BF9-BDB8-9E4043BAB786}.Debug|Any CPU.Build.0 = Debug|Any CPU
		{7D3598B1-4317-4BF9-BDB8-9E4043BAB786}.Release|Any CPU.ActiveCfg = Release|Any CPU
		{7D3598B1-4317-4BF9-BDB8-9E4043BAB786}.Release|Any CPU.Build.0 = Release|Any CPU
		{1D10B106-D08E-4BE2-BAA2-1B4691B47222}.Debug|Any CPU.ActiveCfg = Debug|Any CPU
		{1D10B106-D08E-4BE2-BAA2-1B4691B47222}.Debug|Any CPU.Build.0 = Debug|Any CPU
		{1D10B106-D08E-4BE2-BAA2-1B4691B47222}.Release|Any CPU.ActiveCfg = Release|Any CPU
		{1D10B106-D08E-4BE2-BAA2-1B4691B47222}.Release|Any CPU.Build.0 = Release|Any CPU
		{1E5C226C-7A22-4FD5-A8BC-55FCA7511FC3}.Debug|Any CPU.ActiveCfg = Debug|Any CPU
		{1E5C226C-7A22-4FD5-A8BC-55FCA7511FC3}.Debug|Any CPU.Build.0 = Debug|Any CPU
		{1E5C226C-7A22-4FD5-A8BC-55FCA7511FC3}.Release|Any CPU.ActiveCfg = Release|Any CPU
		{1E5C226C-7A22-4FD5-A8BC-55FCA7511FC3}.Release|Any CPU.Build.0 = Release|Any CPU
		{7345CDA6-7714-4D6D-937F-40F81E7598C6}.Debug|Any CPU.ActiveCfg = Debug|Any CPU
		{7345CDA6-7714-4D6D-937F-40F81E7598C6}.Debug|Any CPU.Build.0 = Debug|Any CPU
		{7345CDA6-7714-4D6D-937F-40F81E7598C6}.Release|Any CPU.ActiveCfg = Release|Any CPU
		{7345CDA6-7714-4D6D-937F-40F81E7598C6}.Release|Any CPU.Build.0 = Release|Any CPU
		{050C50A4-D17F-4A09-98DA-DFDCAB57F2BC}.Debug|Any CPU.ActiveCfg = Debug|Any CPU
		{050C50A4-D17F-4A09-98DA-DFDCAB57F2BC}.Debug|Any CPU.Build.0 = Debug|Any CPU
		{050C50A4-D17F-4A09-98DA-DFDCAB57F2BC}.Release|Any CPU.ActiveCfg = Release|Any CPU
		{050C50A4-D17F-4A09-98DA-DFDCAB57F2BC}.Release|Any CPU.Build.0 = Release|Any CPU
		{903094F5-086B-4B1A-A75A-72358AC1F3A4}.Debug|Any CPU.ActiveCfg = Debug|Any CPU
		{903094F5-086B-4B1A-A75A-72358AC1F3A4}.Debug|Any CPU.Build.0 = Debug|Any CPU
		{903094F5-086B-4B1A-A75A-72358AC1F3A4}.Release|Any CPU.ActiveCfg = Release|Any CPU
		{903094F5-086B-4B1A-A75A-72358AC1F3A4}.Release|Any CPU.Build.0 = Release|Any CPU
		{6C5AE350-EF48-4984-82E7-A9A0246FC7A4}.Debug|Any CPU.ActiveCfg = Debug|Any CPU
		{6C5AE350-EF48-4984-82E7-A9A0246FC7A4}.Debug|Any CPU.Build.0 = Debug|Any CPU
		{6C5AE350-EF48-4984-82E7-A9A0246FC7A4}.Release|Any CPU.ActiveCfg = Release|Any CPU
		{6C5AE350-EF48-4984-82E7-A9A0246FC7A4}.Release|Any CPU.Build.0 = Release|Any CPU
		{DA56B34A-74C3-4216-BA69-DF378FFA66EF}.Debug|Any CPU.ActiveCfg = Debug|Any CPU
		{DA56B34A-74C3-4216-BA69-DF378FFA66EF}.Debug|Any CPU.Build.0 = Debug|Any CPU
		{DA56B34A-74C3-4216-BA69-DF378FFA66EF}.Release|Any CPU.ActiveCfg = Release|Any CPU
		{DA56B34A-74C3-4216-BA69-DF378FFA66EF}.Release|Any CPU.Build.0 = Release|Any CPU
	EndGlobalSection
	GlobalSection(NestedProjects) = preSolution
		{26E118DC-1742-45FE-B0AF-E41D686849E8} = {C7AB7BCA-FDE2-47AE-8A06-D06BBC5096E6}
		{FA854EBF-DE03-419D-BB2B-CC8ACABD4CA6} = {26E118DC-1742-45FE-B0AF-E41D686849E8}
		{5ADA72CA-3754-4ADC-A25E-A129A8CF8A52} = {FA854EBF-DE03-419D-BB2B-CC8ACABD4CA6}
		{7D607A71-BDB1-4A75-A3F0-04F1030C9FE1} = {FA854EBF-DE03-419D-BB2B-CC8ACABD4CA6}
		{3C617DC9-C266-4877-B11E-4A30518878F4} = {FA854EBF-DE03-419D-BB2B-CC8ACABD4CA6}
		{E2DD1531-D364-46E0-AAB9-C9F13BA077F0} = {FA854EBF-DE03-419D-BB2B-CC8ACABD4CA6}
		{2ACD993E-76BD-4412-8E7E-FFDDC1E1BADF} = {FA854EBF-DE03-419D-BB2B-CC8ACABD4CA6}
		{57F43E6D-9A1C-46B7-AEC6-4F82E809F15C} = {FA854EBF-DE03-419D-BB2B-CC8ACABD4CA6}
		{BF3CB9EE-7361-4234-A967-3658A72DE901} = {FA854EBF-DE03-419D-BB2B-CC8ACABD4CA6}
		{1FAE6211-2729-43F2-8EB7-D96710D4FACC} = {26E118DC-1742-45FE-B0AF-E41D686849E8}
		{FB8158FC-8E29-4AB6-B81D-B275A3FD0075} = {1FAE6211-2729-43F2-8EB7-D96710D4FACC}
		{AE78731B-B9EB-4B1D-ACE3-B1F666A9DD27} = {1FAE6211-2729-43F2-8EB7-D96710D4FACC}
		{E72CD079-6EB5-4E52-B029-8BDADE84E24F} = {1FAE6211-2729-43F2-8EB7-D96710D4FACC}
		{EE26B920-7C67-4CB4-AA1A-0CE5B7FFE8FD} = {26E118DC-1742-45FE-B0AF-E41D686849E8}
		{746FF470-55BD-4ECE-BE6E-CA23B44A2725} = {EE26B920-7C67-4CB4-AA1A-0CE5B7FFE8FD}
		{107A1E54-52A9-40B1-B2A9-ABFE9BA25498} = {746FF470-55BD-4ECE-BE6E-CA23B44A2725}
		{208E46FE-4E3F-4B70-9E71-AA6E1E7CB7CD} = {EE26B920-7C67-4CB4-AA1A-0CE5B7FFE8FD}
		{57A28DAB-5DF2-4757-BC5C-F81CDDAFDEBD} = {208E46FE-4E3F-4B70-9E71-AA6E1E7CB7CD}
		{936FB2D3-CF31-4439-8AF8-E9C0915C1D45} = {208E46FE-4E3F-4B70-9E71-AA6E1E7CB7CD}
		{8FE35A6D-3B94-497D-AB91-A37AE94B8F27} = {208E46FE-4E3F-4B70-9E71-AA6E1E7CB7CD}
		{345A3DE6-244C-4C30-A3C6-45E6254ABC7A} = {208E46FE-4E3F-4B70-9E71-AA6E1E7CB7CD}
		{2386B7F3-476F-456C-8691-98093E3C3524} = {208E46FE-4E3F-4B70-9E71-AA6E1E7CB7CD}
		{3DEBD6D5-5794-415D-8DED-3B5AE2C8F87B} = {EE26B920-7C67-4CB4-AA1A-0CE5B7FFE8FD}
		{AE655537-4B14-45E2-BE00-BCB70B7ED948} = {3DEBD6D5-5794-415D-8DED-3B5AE2C8F87B}
		{A4E3D956-BDA3-4C2E-9B37-D6AC13FCF977} = {AE655537-4B14-45E2-BE00-BCB70B7ED948}
		{D15BBD5F-F52E-4497-B565-E056DFD500C4} = {3DEBD6D5-5794-415D-8DED-3B5AE2C8F87B}
		{26EC33FB-E031-44C2-94CB-0DFDEB03BF98} = {3DEBD6D5-5794-415D-8DED-3B5AE2C8F87B}
		{7AF42DF3-50AD-4426-B0E5-CF7EA942438A} = {3DEBD6D5-5794-415D-8DED-3B5AE2C8F87B}
		{6FA03C16-2064-4DC4-B3E1-3AEB36118A8E} = {3DEBD6D5-5794-415D-8DED-3B5AE2C8F87B}
		{7D3598B1-4317-4BF9-BDB8-9E4043BAB786} = {3DEBD6D5-5794-415D-8DED-3B5AE2C8F87B}
		{ECF37AE2-8719-4C6E-9D7D-2B8EE859D8FB} = {EE26B920-7C67-4CB4-AA1A-0CE5B7FFE8FD}
		{1D10B106-D08E-4BE2-BAA2-1B4691B47222} = {ECF37AE2-8719-4C6E-9D7D-2B8EE859D8FB}
		{1E5C226C-7A22-4FD5-A8BC-55FCA7511FC3} = {ECF37AE2-8719-4C6E-9D7D-2B8EE859D8FB}
		{7345CDA6-7714-4D6D-937F-40F81E7598C6} = {ECF37AE2-8719-4C6E-9D7D-2B8EE859D8FB}
		{050C50A4-D17F-4A09-98DA-DFDCAB57F2BC} = {ECF37AE2-8719-4C6E-9D7D-2B8EE859D8FB}
		{903094F5-086B-4B1A-A75A-72358AC1F3A4} = {ECF37AE2-8719-4C6E-9D7D-2B8EE859D8FB}
		{6794DC61-A803-4521-A32F-5971BD546364} = {26E118DC-1742-45FE-B0AF-E41D686849E8}
		{6C5AE350-EF48-4984-82E7-A9A0246FC7A4} = {6794DC61-A803-4521-A32F-5971BD546364}
		{83149D1D-F395-423C-8D48-1B6C85AEDBA7} = {26E118DC-1742-45FE-B0AF-E41D686849E8}
		{DA56B34A-74C3-4216-BA69-DF378FFA66EF} = {83149D1D-F395-423C-8D48-1B6C85AEDBA7}
	EndGlobalSection
EndGlobal
